{
  "pins" : [
    {
      "identity" : "colorizeswift",
      "kind" : "remoteSourceControl",
      "location" : "https://github.com/mtynior/ColorizeSwift.git",
      "state" : {
        "revision" : "4e7daa138510b77a3cce9f6a31a116f8536347dd",
        "version" : "1.7.0"
      }
    },
    {
      "identity" : "plugins",
      "kind" : "remoteSourceControl",
      "location" : "https://github.com/Jomy10/Plugins.git",
      "state" : {
        "branch" : "master",
        "revision" : "cdec309a77786b88c18bdfb97c7b0963496c2d21"
      }
    },
    {
      "identity" : "puppy",
      "kind" : "remoteSourceControl",
      "location" : "https://github.com/sushichop/Puppy",
      "state" : {
        "revision" : "b5af02a72a5a1f92a68e6eceee19cac804067ad9",
        "version" : "0.7.0"
      }
    },
    {
      "identity" : "swift-argument-parser",
      "kind" : "remoteSourceControl",
      "location" : "https://github.com/apple/swift-argument-parser",
      "state" : {
        "branch" : "main",
        "revision" : "e4009c1616ef861459fe56e05b579e29942fc3d3"
      }
    },
    {
      "identity" : "swift-log",
      "kind" : "remoteSourceControl",
      "location" : "https://github.com/apple/swift-log.git",
      "state" : {
        "revision" : "e97a6fcb1ab07462881ac165fdbb37f067e205d5",
        "version" : "1.5.4"
      }
    },
    {
      "identity" : "swift-system",
      "kind" : "remoteSourceControl",
      "location" : "https://github.com/apple/swift-system",
      "state" : {
        "revision" : "025bcb1165deab2e20d4eaba79967ce73013f496",
        "version" : "1.2.1"
      }
    },
    {
      "identity" : "tomlkit",
      "kind" : "remoteSourceControl",
      "location" : "https://github.com/LebJe/TOMLKit.git",
      "state" : {
        "revision" : "ec6198d37d495efc6acd4dffbd262cdca7ff9b3f",
        "version" : "0.6.0"
      }
    }
  ],
  "version" : 2
}
